
Microsoft Visual Studio Solution File, Format Version 12.00
# Visual Studio 15
VisualStudioVersion = 15.0.27004.2009
MinimumVisualStudioVersion = 10.0.40219.1
Project("{FAE04EC0-301F-11D3-BF4B-00C04F79EFBC}") = "DreamPlace.Lib.Rx", "DreamPlace.Lib.Rx.csproj", "{480079A7-8D41-42E5-9234-52B83227EE61}"
EndProject
Project("{9A19103F-16F7-4668-BE54-9A1E7A4F7556}") = "DreamPlace.Libs.NetCore.Rx", "DreamPlace.Libs.NetCore.Rx\DreamPlace.Libs.NetCore.Rx.csproj", "{F271B5B7-F1ED-4388-A7C4-07EEE6804888}"
EndProject
Project("{FAE04EC0-301F-11D3-BF4B-00C04F79EFBC}") = "TestProject1", "TestProject1\TestProject1.csproj", "{43AC4B7A-6618-4481-B6C7-FBAEF771821D}"
EndProject
Global
	GlobalSection(SolutionConfigurationPlatforms) = preSolution
		Debug|Any CPU = Debug|Any CPU
		Release|Any CPU = Release|Any CPU
	EndGlobalSection
	GlobalSection(ProjectConfigurationPlatforms) = postSolution
		{480079A7-8D41-42E5-9234-52B83227EE61}.Debug|Any CPU.ActiveCfg = Debug|Any CPU
		{480079A7-8D41-42E5-9234-52B83227EE61}.Debug|Any CPU.Build.0 = Debug|Any CPU
		{480079A7-8D41-42E5-9234-52B83227EE61}.Release|Any CPU.ActiveCfg = Release|Any CPU
		{480079A7-8D41-42E5-9234-52B83227EE61}.Release|Any CPU.Build.0 = Release|Any CPU
		{F271B5B7-F1ED-4388-A7C4-07EEE6804888}.Debug|Any CPU.ActiveCfg = Debug|Any CPU
		{F271B5B7-F1ED-4388-A7C4-07EEE6804888}.Debug|Any CPU.Build.0 = Debug|Any CPU
		{F271B5B7-F1ED-4388-A7C4-07EEE6804888}.Release|Any CPU.ActiveCfg = Release|Any CPU
		{F271B5B7-F1ED-4388-A7C4-07EEE6804888}.Release|Any CPU.Build.0 = Release|Any CPU
		{43AC4B7A-6618-4481-B6C7-FBAEF771821D}.Debug|Any CPU.ActiveCfg = Debug|Any CPU
		{43AC4B7A-6618-4481-B6C7-FBAEF771821D}.Debug|Any CPU.Build.0 = Debug|Any CPU
		{43AC4B7A-6618-4481-B6C7-FBAEF771821D}.Release|Any CPU.ActiveCfg = Release|Any CPU
		{43AC4B7A-6618-4481-B6C7-FBAEF771821D}.Release|Any CPU.Build.0 = Release|Any CPU
	EndGlobalSection
	GlobalSection(SolutionProperties) = preSolution
		HideSolutionNode = FALSE
	EndGlobalSection
	GlobalSection(ExtensibilityGlobals) = postSolution
		SolutionGuid = {D6DC9143-CF69-4A53-9EC2-EBE50490B859}
	EndGlobalSection
EndGlobal
